{
	"name": "insights-chrome",
	"version": "0.0.0",
	"lockfileVersion": 1,
	"requires": true,
	"dependencies": {
		"@redhat-cloud-services/frontend-components": {
			"version": "2.4.19",
			"resolved": "https://registry.npmjs.org/@redhat-cloud-services/frontend-components/-/frontend-components-2.4.19.tgz",
			"integrity": "sha512-nITSE4C9ZRxb0zkcfMVoGjDMs4mUH+OtBedxjCS8cBseUMCI94DJZVsedUtb3/J3rNaRMHiRqqPWjtLevKbfzw==",
			"requires": {
				"@redhat-cloud-services/frontend-components-utilities": "*",
				"sanitize-html": "^1.25.0"
			},
			"dependencies": {
				"ansi-styles": {
					"version": "3.2.1",
					"resolved": "https://registry.npmjs.org/ansi-styles/-/ansi-styles-3.2.1.tgz",
					"integrity": "sha512-VT0ZI6kZRdTh8YyJw3SMbYm/u+NqfsAxEpWO0Pf9sq8/e94WxxOpPKx9FR1FlyCtOVDNOQ+8ntlqFxiRc+r5qA==",
					"requires": {
						"color-convert": "^1.9.0"
					}
				},
				"chalk": {
					"version": "2.4.2",
					"resolved": "https://registry.npmjs.org/chalk/-/chalk-2.4.2.tgz",
					"integrity": "sha512-Mti+f9lpJNcwF4tWV8/OrTTtF1gZi+f8FqlyAdouralcFWFQWF2+NgCHShjkCb+IFBLq9buZwE1xckQU4peSuQ==",
					"requires": {
						"ansi-styles": "^3.2.1",
						"escape-string-regexp": "^1.0.5",
						"supports-color": "^5.3.0"
					},
					"dependencies": {
						"supports-color": {
							"version": "5.5.0",
							"resolved": "https://registry.npmjs.org/supports-color/-/supports-color-5.5.0.tgz",
							"integrity": "sha512-QjVjwdXIt408MIiAqCX4oUKsgU2EqAGzs2Ppkm4aQYbjm+ZEWEcW4SfFNTr4uMNZma0ey4f5lgLrkB0aX0QMow==",
							"requires": {
								"has-flag": "^3.0.0"
							}
						}
					}
				},
				"color-convert": {
					"version": "1.9.3",
					"resolved": "https://registry.npmjs.org/color-convert/-/color-convert-1.9.3.tgz",
					"integrity": "sha512-QfAUtd+vFdAtFQcC8CCyYt1fYWxSqAiK2cSD6zDB8N3cpsEBAvRxp9zOGg6G/SHHJYAT88/az/IuDGALsNVbGg==",
					"requires": {
						"color-name": "1.1.3"
					}
				},
				"color-name": {
					"version": "1.1.3",
					"resolved": "https://registry.npmjs.org/color-name/-/color-name-1.1.3.tgz",
					"integrity": "sha1-p9BVi9icQveV3UIyj3QIMcpTvCU="
				},
				"dom-serializer": {
					"version": "1.1.0",
					"resolved": "https://registry.npmjs.org/dom-serializer/-/dom-serializer-1.1.0.tgz",
					"integrity": "sha512-ox7bvGXt2n+uLWtCRLybYx60IrOlWL/aCebWJk1T0d4m3y2tzf4U3ij9wBMUb6YJZpz06HCCYuyCDveE2xXmzQ==",
					"requires": {
						"domelementtype": "^2.0.1",
						"domhandler": "^3.0.0",
						"entities": "^2.0.0"
					}
				},
				"domelementtype": {
					"version": "2.0.2",
					"resolved": "https://registry.npmjs.org/domelementtype/-/domelementtype-2.0.2.tgz",
					"integrity": "sha512-wFwTwCVebUrMgGeAwRL/NhZtHAUyT9n9yg4IMDwf10+6iCMxSkVq9MGCVEH+QZWo1nNidy8kNvwmv4zWHDTqvA=="
				},
				"domhandler": {
					"version": "3.3.0",
					"resolved": "https://registry.npmjs.org/domhandler/-/domhandler-3.3.0.tgz",
					"integrity": "sha512-J1C5rIANUbuYK+FuFL98650rihynUOEzRLxW+90bKZRWB6A1X1Tf82GxR1qAWLyfNPRvjqfip3Q5tdYlmAa9lA==",
					"requires": {
						"domelementtype": "^2.0.1"
					}
				},
				"domutils": {
					"version": "2.4.2",
					"resolved": "https://registry.npmjs.org/domutils/-/domutils-2.4.2.tgz",
					"integrity": "sha512-NKbgaM8ZJOecTZsIzW5gSuplsX2IWW2mIK7xVr8hTQF2v1CJWTmLZ1HOCh5sH+IzVPAGE5IucooOkvwBRAdowA==",
					"requires": {
						"dom-serializer": "^1.0.1",
						"domelementtype": "^2.0.1",
						"domhandler": "^3.3.0"
					}
				},
				"entities": {
					"version": "2.1.0",
					"resolved": "https://registry.npmjs.org/entities/-/entities-2.1.0.tgz",
					"integrity": "sha512-hCx1oky9PFrJ611mf0ifBLBRW8lUUVRlFolb5gWRfIELabBlbp9xZvrqZLZAs+NxFnbfQoeGd8wDkygjg7U85w=="
				},
				"escape-string-regexp": {
					"version": "1.0.5",
					"resolved": "https://registry.npmjs.org/escape-string-regexp/-/escape-string-regexp-1.0.5.tgz",
					"integrity": "sha1-G2HAViGQqN/2rjuyzwIAyhMLhtQ="
				},
				"has-flag": {
					"version": "3.0.0",
					"resolved": "https://registry.npmjs.org/has-flag/-/has-flag-3.0.0.tgz",
					"integrity": "sha1-tdRU3CGZriJWmfNGfloH87lVuv0="
				},
				"htmlparser2": {
					"version": "4.1.0",
					"resolved": "https://registry.npmjs.org/htmlparser2/-/htmlparser2-4.1.0.tgz",
					"integrity": "sha512-4zDq1a1zhE4gQso/c5LP1OtrhYTncXNSpvJYtWJBtXAETPlMfi3IFNjGuQbYLuVY4ZR0QMqRVvo4Pdy9KLyP8Q==",
					"requires": {
						"domelementtype": "^2.0.1",
						"domhandler": "^3.0.0",
						"domutils": "^2.0.0",
						"entities": "^2.0.0"
					}
				},
				"lodash": {
					"version": "4.17.20",
					"resolved": "https://registry.npmjs.org/lodash/-/lodash-4.17.20.tgz",
					"integrity": "sha512-PlhdFcillOINfeV7Ni6oF1TAEayyZBoZ8bcshTHqOYJYlrqzRK5hagpagky5o4HfCzzd1TRkXPMFq6cKk9rGmA=="
				},
				"parse-srcset": {
					"version": "1.0.2",
					"resolved": "https://registry.npmjs.org/parse-srcset/-/parse-srcset-1.0.2.tgz",
					"integrity": "sha1-8r0iH2zJcKk42IVWq8WJyqqiveE="
				},
				"postcss": {
					"version": "7.0.35",
					"resolved": "https://registry.npmjs.org/postcss/-/postcss-7.0.35.tgz",
					"integrity": "sha512-3QT8bBJeX/S5zKTTjTCIjRF3If4avAT6kqxcASlTWEtAFCb9NH0OUxNDfgZSWdP5fJnBYCMEWkIFfWeugjzYMg==",
					"requires": {
						"chalk": "^2.4.2",
						"source-map": "^0.6.1",
						"supports-color": "^6.1.0"
					}
				},
				"sanitize-html": {
					"version": "1.27.5",
					"resolved": "https://registry.npmjs.org/sanitize-html/-/sanitize-html-1.27.5.tgz",
					"integrity": "sha512-M4M5iXDAUEcZKLXkmk90zSYWEtk5NH3JmojQxKxV371fnMh+x9t1rqdmXaGoyEHw3z/X/8vnFhKjGL5xFGOJ3A==",
					"requires": {
						"htmlparser2": "^4.1.0",
						"lodash": "^4.17.15",
						"parse-srcset": "^1.0.2",
						"postcss": "^7.0.27"
					}
				},
				"source-map": {
					"version": "0.6.1",
					"resolved": "https://registry.npmjs.org/source-map/-/source-map-0.6.1.tgz",
					"integrity": "sha512-UjgapumWlbMhkBgzT7Ykc5YXUT46F0iKu8SGXq0bcwP5dz/h0Plj6enJqjz1Zbq2l5WaqYnrVbwWOWMyF3F47g=="
				},
				"supports-color": {
					"version": "6.1.0",
					"resolved": "https://registry.npmjs.org/supports-color/-/supports-color-6.1.0.tgz",
					"integrity": "sha512-qe1jfm1Mg7Nq/NSh6XE24gPXROEVsWHxC1LIx//XNlD9iw7YZQGjZNjYN7xGaEG6iKdA8EtNFW6R0gjnVXp+wQ==",
					"requires": {
						"has-flag": "^3.0.0"
					}
				}
			}
		},
		"@redhat-cloud-services/frontend-components-inventory": {
			"version": "file:../inventory",
			"requires": {
				"@redhat-cloud-services/frontend-components": "^2.4.19",
				"@redhat-cloud-services/frontend-components-notifications": "^2.2.3",
				"@redhat-cloud-services/frontend-components-utilities": "^2.2.7",
				"@redhat-cloud-services/host-inventory-client": "1.0.77",
				"abortcontroller-polyfill": "^1.5.0",
				"axios": "^0.21.0"
			},
			"dependencies": {
				"@redhat-cloud-services/frontend-components": {
					"version": "2.4.19",
					"resolved": "https://registry.npmjs.org/@redhat-cloud-services/frontend-components/-/frontend-components-2.4.19.tgz",
					"integrity": "sha512-nITSE4C9ZRxb0zkcfMVoGjDMs4mUH+OtBedxjCS8cBseUMCI94DJZVsedUtb3/J3rNaRMHiRqqPWjtLevKbfzw==",
					"requires": {
						"@redhat-cloud-services/frontend-components-utilities": "*",
						"sanitize-html": "^1.25.0"
					}
				},
				"@redhat-cloud-services/frontend-components-notifications": {
					"version": "2.2.3",
					"resolved": "https://registry.npmjs.org/@redhat-cloud-services/frontend-components-notifications/-/frontend-components-notifications-2.2.3.tgz",
					"integrity": "sha512-ERqumLKIYsZ96WINj8mK1gnaXJsgHCOItX8xp6/MS5C8BQ+h8U/R3KO54HR0XqBZzI8/zFXTBUDmRPlb6gE4TA==",
					"requires": {
						"@redhat-cloud-services/frontend-components-utilities": "*"
					}
				},
				"@redhat-cloud-services/frontend-components-utilities": {
					"version": "2.2.7",
					"resolved": "https://registry.npmjs.org/@redhat-cloud-services/frontend-components-utilities/-/frontend-components-utilities-2.2.7.tgz",
					"integrity": "sha512-Hfa+FUVerU+X1ndvGq+BUXkFXQMjDwcxUX2+FnED1eZqrbgVrcHJJSNWZ6PIU9lkxPmx1cIiBzan7ycKtJvnTg==",
					"requires": {
						"@sentry/browser": "^5.4.0",
						"awesome-debounce-promise": "^2.1.0",
						"axios": "^0.19.0",
						"commander": ">=2.20.0",
						"react-content-loader": ">=3.4.1"
					},
					"dependencies": {
						"axios": {
							"version": "0.19.2",
							"resolved": "https://registry.npmjs.org/axios/-/axios-0.19.2.tgz",
							"integrity": "sha512-fjgm5MvRHLhx+osE2xoekY70AhARk3a6hkN+3Io1jc00jtquGvxYlKlsFUhmUET0V5te6CcZI7lcv2Ym61mjHA==",
							"requires": {
								"follow-redirects": "1.5.10"
							}
						}
					}
				},
				"@redhat-cloud-services/host-inventory-client": {
					"version": "1.0.77",
					"resolved": "https://registry.npmjs.org/@redhat-cloud-services/host-inventory-client/-/host-inventory-client-1.0.77.tgz",
					"integrity": "sha512-ssIcThfA+f2vO3cvZ9VC4SwXEYSoq79l319xIxp0o6G9BJKU1iFI/6cw6ZCrQ5qJJJnbWUXs9kv82AfTlB9pOg==",
					"requires": {
						"axios": "^0.19.2"
					},
					"dependencies": {
						"axios": {
							"version": "0.19.2",
							"resolved": "https://registry.npmjs.org/axios/-/axios-0.19.2.tgz",
							"integrity": "sha512-fjgm5MvRHLhx+osE2xoekY70AhARk3a6hkN+3Io1jc00jtquGvxYlKlsFUhmUET0V5te6CcZI7lcv2Ym61mjHA==",
							"requires": {
								"follow-redirects": "1.5.10"
							}
						}
					}
				},
				"@sentry/browser": {
					"version": "5.27.3",
					"resolved": "https://registry.npmjs.org/@sentry/browser/-/browser-5.27.3.tgz",
					"integrity": "sha512-vczS+XTW4Nk2A7TIpAw8IVFHpp+NK6mV9euBG2I61Bs2QbQY9yKLfbjiln/yH2Q8X4THX6MKa0GuiPoCEeq3uw==",
					"requires": {
						"@sentry/core": "5.27.3",
						"@sentry/types": "5.27.3",
						"@sentry/utils": "5.27.3",
						"tslib": "^1.9.3"
					}
				},
				"@sentry/core": {
					"version": "5.27.3",
					"resolved": "https://registry.npmjs.org/@sentry/core/-/core-5.27.3.tgz",
					"integrity": "sha512-yqepQO88jSt5hy0awpk61AxI4oHB09LjVbUEk4nJDg+1YXuND23cuZvH+Sp2jCZX2vrsw2tefwflToYfA8/U2w==",
					"requires": {
						"@sentry/hub": "5.27.3",
						"@sentry/minimal": "5.27.3",
						"@sentry/types": "5.27.3",
						"@sentry/utils": "5.27.3",
						"tslib": "^1.9.3"
					}
				},
				"@sentry/hub": {
					"version": "5.27.3",
					"resolved": "https://registry.npmjs.org/@sentry/hub/-/hub-5.27.3.tgz",
					"integrity": "sha512-icEH3hr6NVQkpowXZcPOs9IgJZP5lMKtvud4mVioSpkd+NxtRdKrGEX4eF2TCviOJc9Md0mV4K+aL5Au7hxggQ==",
					"requires": {
						"@sentry/types": "5.27.3",
						"@sentry/utils": "5.27.3",
						"tslib": "^1.9.3"
					}
				},
				"@sentry/minimal": {
					"version": "5.27.3",
					"resolved": "https://registry.npmjs.org/@sentry/minimal/-/minimal-5.27.3.tgz",
					"integrity": "sha512-ng01cM0rsE1RMjqVTpPLN0ZVkTo0I675usM1krkpQe8ddW6tfQ6EJWpt02/BrpQZRQzTtfWp6/RyB1KFXg6icg==",
					"requires": {
						"@sentry/hub": "5.27.3",
						"@sentry/types": "5.27.3",
						"tslib": "^1.9.3"
					}
				},
				"@sentry/types": {
					"version": "5.27.3",
					"resolved": "https://registry.npmjs.org/@sentry/types/-/types-5.27.3.tgz",
					"integrity": "sha512-PkWhMArFMxBb1g3HtMEL8Ea9PYae2MU0z9CMIWiqzerFy2ZpKG98IU3pt8ic4JkmKQdwB8hDiZpRPMHhW0WYwQ=="
				},
				"@sentry/utils": {
					"version": "5.27.3",
					"resolved": "https://registry.npmjs.org/@sentry/utils/-/utils-5.27.3.tgz",
					"integrity": "sha512-R9WvFrRBALZvCzu/9BsuXBCfkNxz4MwdBNSXaBsJo4afQw1ljkjIc9DpHzlL9S9goIwXo81Buwmr5gGDO6aH+Q==",
					"requires": {
						"@sentry/types": "5.27.3",
						"tslib": "^1.9.3"
					}
				},
				"@types/debounce-promise": {
					"version": "3.1.3",
					"resolved": "https://registry.npmjs.org/@types/debounce-promise/-/debounce-promise-3.1.3.tgz",
					"integrity": "sha512-mjcCf//DAUQ6YLQMhqYJAv/+a4BsE1GQFmy1el5K62wLJJmQwGi3TsnshhOFynPpuBF9Gh2Vvb+5ImPi47KaZw=="
				},
				"abortcontroller-polyfill": {
					"version": "1.5.0",
					"resolved": "https://registry.npmjs.org/abortcontroller-polyfill/-/abortcontroller-polyfill-1.5.0.tgz",
					"integrity": "sha512-O6Xk757Jb4o0LMzMOMdWvxpHWrQzruYBaUruFaIOfAQRnWFxfdXYobw12jrVHGtoXk6WiiyYzc0QWN9aL62HQA=="
				},
				"ansi-styles": {
					"version": "3.2.1",
					"resolved": "https://registry.npmjs.org/ansi-styles/-/ansi-styles-3.2.1.tgz",
					"integrity": "sha512-VT0ZI6kZRdTh8YyJw3SMbYm/u+NqfsAxEpWO0Pf9sq8/e94WxxOpPKx9FR1FlyCtOVDNOQ+8ntlqFxiRc+r5qA==",
					"requires": {
						"color-convert": "^1.9.0"
					}
				},
				"awesome-debounce-promise": {
					"version": "2.1.0",
					"resolved": "https://registry.npmjs.org/awesome-debounce-promise/-/awesome-debounce-promise-2.1.0.tgz",
					"integrity": "sha512-0Dv4j2wKk5BrNZh4jgV2HUdznaeVgEK/WTvcHhZWUElhmQ1RR+iURRoLEwICFyR0S/5VtxfcvY6gR+qSe95jNg==",
					"requires": {
						"@types/debounce-promise": "^3.1.1",
						"awesome-imperative-promise": "^1.0.1",
						"awesome-only-resolves-last-promise": "^1.0.3",
						"debounce-promise": "^3.1.0"
					}
				},
				"awesome-imperative-promise": {
					"version": "1.0.1",
					"resolved": "https://registry.npmjs.org/awesome-imperative-promise/-/awesome-imperative-promise-1.0.1.tgz",
					"integrity": "sha512-EmPr3FqbQGqlNh+WxMNcF9pO9uDQJnOC4/3rLBQNH9m4E9qI+8lbfHCmHpVAsmGqPJPKhCjJLHUQzQW/RBHRdQ=="
				},
				"awesome-only-resolves-last-promise": {
					"version": "1.0.3",
					"resolved": "https://registry.npmjs.org/awesome-only-resolves-last-promise/-/awesome-only-resolves-last-promise-1.0.3.tgz",
					"integrity": "sha512-7q4WPsYiD8Omvi/yHL314DkvsD/lM//Z2/KcU1vWk0xJotiV0GMJTgHTpWl3n90HJqpXKg7qX+VVNs5YbQyPRQ==",
					"requires": {
						"awesome-imperative-promise": "^1.0.1"
					}
				},
				"axios": {
					"version": "0.21.0",
					"resolved": "https://registry.npmjs.org/axios/-/axios-0.21.0.tgz",
					"integrity": "sha512-fmkJBknJKoZwem3/IKSSLpkdNXZeBu5Q7GA/aRsr2btgrptmSCxi2oFjZHqGdK9DoTil9PIHlPIZw2EcRJXRvw==",
					"requires": {
						"follow-redirects": "^1.10.0"
					},
					"dependencies": {
						"follow-redirects": {
							"version": "1.13.0",
							"resolved": "https://registry.npmjs.org/follow-redirects/-/follow-redirects-1.13.0.tgz",
							"integrity": "sha512-aq6gF1BEKje4a9i9+5jimNFIpq4Q1WiwBToeRK5NvZBd/TRsmW8BsJfOEGkr76TbOyPVD3OVDN910EcUNtRYEA=="
						}
					}
				},
				"chalk": {
					"version": "2.4.2",
					"resolved": "https://registry.npmjs.org/chalk/-/chalk-2.4.2.tgz",
					"integrity": "sha512-Mti+f9lpJNcwF4tWV8/OrTTtF1gZi+f8FqlyAdouralcFWFQWF2+NgCHShjkCb+IFBLq9buZwE1xckQU4peSuQ==",
					"requires": {
						"ansi-styles": "^3.2.1",
						"escape-string-regexp": "^1.0.5",
						"supports-color": "^5.3.0"
					},
					"dependencies": {
						"supports-color": {
							"version": "5.5.0",
							"resolved": "https://registry.npmjs.org/supports-color/-/supports-color-5.5.0.tgz",
							"integrity": "sha512-QjVjwdXIt408MIiAqCX4oUKsgU2EqAGzs2Ppkm4aQYbjm+ZEWEcW4SfFNTr4uMNZma0ey4f5lgLrkB0aX0QMow==",
							"requires": {
								"has-flag": "^3.0.0"
							}
						}
					}
				},
				"color-convert": {
					"version": "1.9.3",
					"resolved": "https://registry.npmjs.org/color-convert/-/color-convert-1.9.3.tgz",
					"integrity": "sha512-QfAUtd+vFdAtFQcC8CCyYt1fYWxSqAiK2cSD6zDB8N3cpsEBAvRxp9zOGg6G/SHHJYAT88/az/IuDGALsNVbGg==",
					"requires": {
						"color-name": "1.1.3"
					}
				},
				"color-name": {
					"version": "1.1.3",
					"resolved": "https://registry.npmjs.org/color-name/-/color-name-1.1.3.tgz",
					"integrity": "sha1-p9BVi9icQveV3UIyj3QIMcpTvCU="
				},
				"commander": {
					"version": "6.2.0",
					"resolved": "https://registry.npmjs.org/commander/-/commander-6.2.0.tgz",
					"integrity": "sha512-zP4jEKbe8SHzKJYQmq8Y9gYjtO/POJLgIdKgV7B9qNmABVFVc+ctqSX6iXh4mCpJfRBOabiZ2YKPg8ciDw6C+Q=="
				},
				"debounce-promise": {
					"version": "3.1.2",
					"resolved": "https://registry.npmjs.org/debounce-promise/-/debounce-promise-3.1.2.tgz",
					"integrity": "sha512-rZHcgBkbYavBeD9ej6sP56XfG53d51CD4dnaw989YX/nZ/ZJfgRx/9ePKmTNiUiyQvh4mtrMoS3OAWW+yoYtpg=="
				},
				"debug": {
					"version": "3.1.0",
					"resolved": "https://registry.npmjs.org/debug/-/debug-3.1.0.tgz",
					"integrity": "sha512-OX8XqP7/1a9cqkxYw2yXss15f26NKWBpDXQd0/uK/KPqdQhxbPa994hnzjcE2VqQpDslf55723cKPUOGSmMY3g==",
					"requires": {
						"ms": "2.0.0"
					}
				},
				"dom-serializer": {
					"version": "1.1.0",
					"resolved": "https://registry.npmjs.org/dom-serializer/-/dom-serializer-1.1.0.tgz",
					"integrity": "sha512-ox7bvGXt2n+uLWtCRLybYx60IrOlWL/aCebWJk1T0d4m3y2tzf4U3ij9wBMUb6YJZpz06HCCYuyCDveE2xXmzQ==",
					"requires": {
						"domelementtype": "^2.0.1",
						"domhandler": "^3.0.0",
						"entities": "^2.0.0"
					}
				},
				"domelementtype": {
					"version": "2.0.2",
					"resolved": "https://registry.npmjs.org/domelementtype/-/domelementtype-2.0.2.tgz",
					"integrity": "sha512-wFwTwCVebUrMgGeAwRL/NhZtHAUyT9n9yg4IMDwf10+6iCMxSkVq9MGCVEH+QZWo1nNidy8kNvwmv4zWHDTqvA=="
				},
				"domhandler": {
					"version": "3.3.0",
					"resolved": "https://registry.npmjs.org/domhandler/-/domhandler-3.3.0.tgz",
					"integrity": "sha512-J1C5rIANUbuYK+FuFL98650rihynUOEzRLxW+90bKZRWB6A1X1Tf82GxR1qAWLyfNPRvjqfip3Q5tdYlmAa9lA==",
					"requires": {
						"domelementtype": "^2.0.1"
					}
				},
				"domutils": {
					"version": "2.4.2",
					"resolved": "https://registry.npmjs.org/domutils/-/domutils-2.4.2.tgz",
					"integrity": "sha512-NKbgaM8ZJOecTZsIzW5gSuplsX2IWW2mIK7xVr8hTQF2v1CJWTmLZ1HOCh5sH+IzVPAGE5IucooOkvwBRAdowA==",
					"requires": {
						"dom-serializer": "^1.0.1",
						"domelementtype": "^2.0.1",
						"domhandler": "^3.3.0"
					}
				},
				"entities": {
					"version": "2.1.0",
					"resolved": "https://registry.npmjs.org/entities/-/entities-2.1.0.tgz",
					"integrity": "sha512-hCx1oky9PFrJ611mf0ifBLBRW8lUUVRlFolb5gWRfIELabBlbp9xZvrqZLZAs+NxFnbfQoeGd8wDkygjg7U85w=="
				},
				"escape-string-regexp": {
					"version": "1.0.5",
					"resolved": "https://registry.npmjs.org/escape-string-regexp/-/escape-string-regexp-1.0.5.tgz",
					"integrity": "sha1-G2HAViGQqN/2rjuyzwIAyhMLhtQ="
				},
				"follow-redirects": {
					"version": "1.5.10",
					"resolved": "https://registry.npmjs.org/follow-redirects/-/follow-redirects-1.5.10.tgz",
					"integrity": "sha512-0V5l4Cizzvqt5D44aTXbFZz+FtyXV1vrDN6qrelxtfYQKW0KO0W2T/hkE8xvGa/540LkZlkaUjO4ailYTFtHVQ==",
					"requires": {
						"debug": "=3.1.0"
					}
				},
				"has-flag": {
					"version": "3.0.0",
					"resolved": "https://registry.npmjs.org/has-flag/-/has-flag-3.0.0.tgz",
					"integrity": "sha1-tdRU3CGZriJWmfNGfloH87lVuv0="
				},
				"htmlparser2": {
					"version": "4.1.0",
					"resolved": "https://registry.npmjs.org/htmlparser2/-/htmlparser2-4.1.0.tgz",
					"integrity": "sha512-4zDq1a1zhE4gQso/c5LP1OtrhYTncXNSpvJYtWJBtXAETPlMfi3IFNjGuQbYLuVY4ZR0QMqRVvo4Pdy9KLyP8Q==",
					"requires": {
						"domelementtype": "^2.0.1",
						"domhandler": "^3.0.0",
						"domutils": "^2.0.0",
						"entities": "^2.0.0"
					}
				},
				"lodash": {
					"version": "4.17.20",
					"resolved": "https://registry.npmjs.org/lodash/-/lodash-4.17.20.tgz",
					"integrity": "sha512-PlhdFcillOINfeV7Ni6oF1TAEayyZBoZ8bcshTHqOYJYlrqzRK5hagpagky5o4HfCzzd1TRkXPMFq6cKk9rGmA=="
				},
				"ms": {
					"version": "2.0.0",
					"resolved": "https://registry.npmjs.org/ms/-/ms-2.0.0.tgz",
					"integrity": "sha1-VgiurfwAvmwpAd9fmGF4jeDVl8g="
				},
				"parse-srcset": {
					"version": "1.0.2",
					"resolved": "https://registry.npmjs.org/parse-srcset/-/parse-srcset-1.0.2.tgz",
					"integrity": "sha1-8r0iH2zJcKk42IVWq8WJyqqiveE="
				},
				"postcss": {
					"version": "7.0.35",
					"resolved": "https://registry.npmjs.org/postcss/-/postcss-7.0.35.tgz",
					"integrity": "sha512-3QT8bBJeX/S5zKTTjTCIjRF3If4avAT6kqxcASlTWEtAFCb9NH0OUxNDfgZSWdP5fJnBYCMEWkIFfWeugjzYMg==",
					"requires": {
						"chalk": "^2.4.2",
						"source-map": "^0.6.1",
						"supports-color": "^6.1.0"
					}
				},
				"react-content-loader": {
					"version": "5.1.4",
					"resolved": "https://registry.npmjs.org/react-content-loader/-/react-content-loader-5.1.4.tgz",
					"integrity": "sha512-hTq7pZi2GKCK6a9d3u6XStozm0QGCEjw8cSqQReiWnh2up6IwCha5R5TF0o6SY5qUDpByloEZEZtnFxpJyENFw=="
				},
				"sanitize-html": {
					"version": "1.27.5",
					"resolved": "https://registry.npmjs.org/sanitize-html/-/sanitize-html-1.27.5.tgz",
					"integrity": "sha512-M4M5iXDAUEcZKLXkmk90zSYWEtk5NH3JmojQxKxV371fnMh+x9t1rqdmXaGoyEHw3z/X/8vnFhKjGL5xFGOJ3A==",
					"requires": {
						"htmlparser2": "^4.1.0",
						"lodash": "^4.17.15",
						"parse-srcset": "^1.0.2",
						"postcss": "^7.0.27"
					}
				},
				"source-map": {
					"version": "0.6.1",
					"resolved": "https://registry.npmjs.org/source-map/-/source-map-0.6.1.tgz",
					"integrity": "sha512-UjgapumWlbMhkBgzT7Ykc5YXUT46F0iKu8SGXq0bcwP5dz/h0Plj6enJqjz1Zbq2l5WaqYnrVbwWOWMyF3F47g=="
				},
				"supports-color": {
					"version": "6.1.0",
					"resolved": "https://registry.npmjs.org/supports-color/-/supports-color-6.1.0.tgz",
					"integrity": "sha512-qe1jfm1Mg7Nq/NSh6XE24gPXROEVsWHxC1LIx//XNlD9iw7YZQGjZNjYN7xGaEG6iKdA8EtNFW6R0gjnVXp+wQ==",
					"requires": {
						"has-flag": "^3.0.0"
					}
				},
				"tslib": {
					"version": "1.14.1",
					"resolved": "https://registry.npmjs.org/tslib/-/tslib-1.14.1.tgz",
					"integrity": "sha512-Xni35NKzjgMrwevysHTCArtLDpPvye8zV/0E4EyYn43P7/7qvQwPh9BGkHewbMulVntbigmcT7rdX3BNo9wRJg=="
				}
			}
		},
		"@redhat-cloud-services/frontend-components-utilities": {
			"version": "2.2.7",
			"resolved": "https://registry.npmjs.org/@redhat-cloud-services/frontend-components-utilities/-/frontend-components-utilities-2.2.7.tgz",
			"integrity": "sha512-Hfa+FUVerU+X1ndvGq+BUXkFXQMjDwcxUX2+FnED1eZqrbgVrcHJJSNWZ6PIU9lkxPmx1cIiBzan7ycKtJvnTg==",
			"requires": {
				"@sentry/browser": "^5.4.0",
				"awesome-debounce-promise": "^2.1.0",
				"axios": "^0.19.0",
				"commander": ">=2.20.0",
				"react-content-loader": ">=3.4.1"
			},
			"dependencies": {
				"@sentry/browser": {
					"version": "5.27.3",
					"resolved": "https://registry.npmjs.org/@sentry/browser/-/browser-5.27.3.tgz",
					"integrity": "sha512-vczS+XTW4Nk2A7TIpAw8IVFHpp+NK6mV9euBG2I61Bs2QbQY9yKLfbjiln/yH2Q8X4THX6MKa0GuiPoCEeq3uw==",
					"requires": {
						"@sentry/core": "5.27.3",
						"@sentry/types": "5.27.3",
						"@sentry/utils": "5.27.3",
						"tslib": "^1.9.3"
					}
				},
				"@sentry/core": {
					"version": "5.27.3",
					"resolved": "https://registry.npmjs.org/@sentry/core/-/core-5.27.3.tgz",
					"integrity": "sha512-yqepQO88jSt5hy0awpk61AxI4oHB09LjVbUEk4nJDg+1YXuND23cuZvH+Sp2jCZX2vrsw2tefwflToYfA8/U2w==",
					"requires": {
						"@sentry/hub": "5.27.3",
						"@sentry/minimal": "5.27.3",
						"@sentry/types": "5.27.3",
						"@sentry/utils": "5.27.3",
						"tslib": "^1.9.3"
					}
				},
				"@sentry/hub": {
					"version": "5.27.3",
					"resolved": "https://registry.npmjs.org/@sentry/hub/-/hub-5.27.3.tgz",
					"integrity": "sha512-icEH3hr6NVQkpowXZcPOs9IgJZP5lMKtvud4mVioSpkd+NxtRdKrGEX4eF2TCviOJc9Md0mV4K+aL5Au7hxggQ==",
					"requires": {
						"@sentry/types": "5.27.3",
						"@sentry/utils": "5.27.3",
						"tslib": "^1.9.3"
					}
				},
				"@sentry/minimal": {
					"version": "5.27.3",
					"resolved": "https://registry.npmjs.org/@sentry/minimal/-/minimal-5.27.3.tgz",
					"integrity": "sha512-ng01cM0rsE1RMjqVTpPLN0ZVkTo0I675usM1krkpQe8ddW6tfQ6EJWpt02/BrpQZRQzTtfWp6/RyB1KFXg6icg==",
					"requires": {
						"@sentry/hub": "5.27.3",
						"@sentry/types": "5.27.3",
						"tslib": "^1.9.3"
					}
				},
				"@sentry/types": {
					"version": "5.27.3",
					"resolved": "https://registry.npmjs.org/@sentry/types/-/types-5.27.3.tgz",
					"integrity": "sha512-PkWhMArFMxBb1g3HtMEL8Ea9PYae2MU0z9CMIWiqzerFy2ZpKG98IU3pt8ic4JkmKQdwB8hDiZpRPMHhW0WYwQ=="
				},
				"@sentry/utils": {
					"version": "5.27.3",
					"resolved": "https://registry.npmjs.org/@sentry/utils/-/utils-5.27.3.tgz",
					"integrity": "sha512-R9WvFrRBALZvCzu/9BsuXBCfkNxz4MwdBNSXaBsJo4afQw1ljkjIc9DpHzlL9S9goIwXo81Buwmr5gGDO6aH+Q==",
					"requires": {
						"@sentry/types": "5.27.3",
						"tslib": "^1.9.3"
					}
				},
				"@types/debounce-promise": {
					"version": "3.1.3",
					"resolved": "https://registry.npmjs.org/@types/debounce-promise/-/debounce-promise-3.1.3.tgz",
					"integrity": "sha512-mjcCf//DAUQ6YLQMhqYJAv/+a4BsE1GQFmy1el5K62wLJJmQwGi3TsnshhOFynPpuBF9Gh2Vvb+5ImPi47KaZw=="
				},
				"awesome-debounce-promise": {
					"version": "2.1.0",
					"resolved": "https://registry.npmjs.org/awesome-debounce-promise/-/awesome-debounce-promise-2.1.0.tgz",
					"integrity": "sha512-0Dv4j2wKk5BrNZh4jgV2HUdznaeVgEK/WTvcHhZWUElhmQ1RR+iURRoLEwICFyR0S/5VtxfcvY6gR+qSe95jNg==",
					"requires": {
						"@types/debounce-promise": "^3.1.1",
						"awesome-imperative-promise": "^1.0.1",
						"awesome-only-resolves-last-promise": "^1.0.3",
						"debounce-promise": "^3.1.0"
					}
				},
				"awesome-imperative-promise": {
					"version": "1.0.1",
					"resolved": "https://registry.npmjs.org/awesome-imperative-promise/-/awesome-imperative-promise-1.0.1.tgz",
					"integrity": "sha512-EmPr3FqbQGqlNh+WxMNcF9pO9uDQJnOC4/3rLBQNH9m4E9qI+8lbfHCmHpVAsmGqPJPKhCjJLHUQzQW/RBHRdQ=="
				},
				"awesome-only-resolves-last-promise": {
					"version": "1.0.3",
					"resolved": "https://registry.npmjs.org/awesome-only-resolves-last-promise/-/awesome-only-resolves-last-promise-1.0.3.tgz",
					"integrity": "sha512-7q4WPsYiD8Omvi/yHL314DkvsD/lM//Z2/KcU1vWk0xJotiV0GMJTgHTpWl3n90HJqpXKg7qX+VVNs5YbQyPRQ==",
					"requires": {
						"awesome-imperative-promise": "^1.0.1"
					}
				},
				"axios": {
					"version": "0.19.2",
					"resolved": "https://registry.npmjs.org/axios/-/axios-0.19.2.tgz",
					"integrity": "sha512-fjgm5MvRHLhx+osE2xoekY70AhARk3a6hkN+3Io1jc00jtquGvxYlKlsFUhmUET0V5te6CcZI7lcv2Ym61mjHA==",
					"requires": {
						"follow-redirects": "1.5.10"
					}
				},
				"commander": {
					"version": "6.2.0",
					"resolved": "https://registry.npmjs.org/commander/-/commander-6.2.0.tgz",
					"integrity": "sha512-zP4jEKbe8SHzKJYQmq8Y9gYjtO/POJLgIdKgV7B9qNmABVFVc+ctqSX6iXh4mCpJfRBOabiZ2YKPg8ciDw6C+Q=="
				},
				"debounce-promise": {
					"version": "3.1.2",
					"resolved": "https://registry.npmjs.org/debounce-promise/-/debounce-promise-3.1.2.tgz",
					"integrity": "sha512-rZHcgBkbYavBeD9ej6sP56XfG53d51CD4dnaw989YX/nZ/ZJfgRx/9ePKmTNiUiyQvh4mtrMoS3OAWW+yoYtpg=="
				},
				"debug": {
					"version": "3.1.0",
					"resolved": "https://registry.npmjs.org/debug/-/debug-3.1.0.tgz",
					"integrity": "sha512-OX8XqP7/1a9cqkxYw2yXss15f26NKWBpDXQd0/uK/KPqdQhxbPa994hnzjcE2VqQpDslf55723cKPUOGSmMY3g==",
					"requires": {
						"ms": "2.0.0"
					}
				},
				"follow-redirects": {
					"version": "1.5.10",
					"resolved": "https://registry.npmjs.org/follow-redirects/-/follow-redirects-1.5.10.tgz",
					"integrity": "sha512-0V5l4Cizzvqt5D44aTXbFZz+FtyXV1vrDN6qrelxtfYQKW0KO0W2T/hkE8xvGa/540LkZlkaUjO4ailYTFtHVQ==",
					"requires": {
						"debug": "=3.1.0"
					}
				},
				"ms": {
					"version": "2.0.0",
					"resolved": "https://registry.npmjs.org/ms/-/ms-2.0.0.tgz",
					"integrity": "sha1-VgiurfwAvmwpAd9fmGF4jeDVl8g="
				},
				"react-content-loader": {
					"version": "5.1.4",
					"resolved": "https://registry.npmjs.org/react-content-loader/-/react-content-loader-5.1.4.tgz",
					"integrity": "sha512-hTq7pZi2GKCK6a9d3u6XStozm0QGCEjw8cSqQReiWnh2up6IwCha5R5TF0o6SY5qUDpByloEZEZtnFxpJyENFw=="
				},
				"tslib": {
					"version": "1.14.1",
					"resolved": "https://registry.npmjs.org/tslib/-/tslib-1.14.1.tgz",
					"integrity": "sha512-Xni35NKzjgMrwevysHTCArtLDpPvye8zV/0E4EyYn43P7/7qvQwPh9BGkHewbMulVntbigmcT7rdX3BNo9wRJg=="
				}
			}
		},
		"@redhat-cloud-services/host-inventory-client": {
			"version": "1.0.84",
			"resolved": "https://registry.npmjs.org/@redhat-cloud-services/host-inventory-client/-/host-inventory-client-1.0.84.tgz",
			"integrity": "sha512-LTTxdSFjz/s6hGKrulpQABcgzosg+HNLcT/mk3ZM9k9WLeSVu5BkjFWAm3+zkbhsfwdB8G8bWlElhqZLXPbT+Q==",
			"requires": {
				"axios": "^0.19.2"
			},
			"dependencies": {
				"axios": {
					"version": "0.19.2",
					"resolved": "https://registry.npmjs.org/axios/-/axios-0.19.2.tgz",
					"integrity": "sha512-fjgm5MvRHLhx+osE2xoekY70AhARk3a6hkN+3Io1jc00jtquGvxYlKlsFUhmUET0V5te6CcZI7lcv2Ym61mjHA==",
					"requires": {
						"follow-redirects": "1.5.10"
					}
				},
				"debug": {
					"version": "3.1.0",
					"resolved": "https://registry.npmjs.org/debug/-/debug-3.1.0.tgz",
					"integrity": "sha512-OX8XqP7/1a9cqkxYw2yXss15f26NKWBpDXQd0/uK/KPqdQhxbPa994hnzjcE2VqQpDslf55723cKPUOGSmMY3g==",
					"requires": {
						"ms": "2.0.0"
					}
				},
				"follow-redirects": {
					"version": "1.5.10",
					"resolved": "https://registry.npmjs.org/follow-redirects/-/follow-redirects-1.5.10.tgz",
					"integrity": "sha512-0V5l4Cizzvqt5D44aTXbFZz+FtyXV1vrDN6qrelxtfYQKW0KO0W2T/hkE8xvGa/540LkZlkaUjO4ailYTFtHVQ==",
					"requires": {
						"debug": "=3.1.0"
					}
				},
				"ms": {
					"version": "2.0.0",
					"resolved": "https://registry.npmjs.org/ms/-/ms-2.0.0.tgz",
					"integrity": "sha1-VgiurfwAvmwpAd9fmGF4jeDVl8g="
				}
			}
		},
		"axios": {
			"version": "0.18.1",
			"resolved": "https://registry.npmjs.org/axios/-/axios-0.18.1.tgz",
			"integrity": "sha512-0BfJq4NSfQXd+SkFdrvFbG7addhYSBA2mQwISr46pD6E5iqkWg02RAs8vyTT/j0RTnoYmeXauBuSv1qKwR179g==",
			"requires": {
				"follow-redirects": "1.5.10",
				"is-buffer": "^2.0.2"
			},
			"dependencies": {
				"debug": {
					"version": "3.1.0",
					"resolved": "https://registry.npmjs.org/debug/-/debug-3.1.0.tgz",
					"integrity": "sha512-OX8XqP7/1a9cqkxYw2yXss15f26NKWBpDXQd0/uK/KPqdQhxbPa994hnzjcE2VqQpDslf55723cKPUOGSmMY3g==",
					"requires": {
						"ms": "2.0.0"
					}
				},
				"follow-redirects": {
					"version": "1.5.10",
					"resolved": "https://registry.npmjs.org/follow-redirects/-/follow-redirects-1.5.10.tgz",
					"integrity": "sha512-0V5l4Cizzvqt5D44aTXbFZz+FtyXV1vrDN6qrelxtfYQKW0KO0W2T/hkE8xvGa/540LkZlkaUjO4ailYTFtHVQ==",
					"requires": {
						"debug": "=3.1.0"
					}
				},
				"is-buffer": {
					"version": "2.0.5",
					"resolved": "https://registry.npmjs.org/is-buffer/-/is-buffer-2.0.5.tgz",
					"integrity": "sha512-i2R6zNFDwgEHJyQUtJEk0XFi1i0dPFn/oqjK3/vPCcDeJvW5NQ83V8QbicfF1SupOaB0h8ntgBC2YiE7dfyctQ=="
				},
				"ms": {
					"version": "2.0.0",
					"resolved": "https://registry.npmjs.org/ms/-/ms-2.0.0.tgz",
					"integrity": "sha1-VgiurfwAvmwpAd9fmGF4jeDVl8g="
				}
			}
		}
	}
}
